
Microsoft Visual Studio Solution File, Format Version 12.00
# Visual Studio Version 16
VisualStudioVersion = 16.0.29020.237
MinimumVisualStudioVersion = 10.0.40219.1
Project("{FAE04EC0-301F-11D3-BF4B-00C04F79EFBC}") = "FinalExam_1831841", "FinalExam_1831841\FinalExam_1831841.csproj", "{22F1F239-9E02-439F-B79C-D30707D0CE3A}"
EndProject
Global
	GlobalSection(SolutionConfigurationPlatforms) = preSolution
		Debug|Any CPU = Debug|Any CPU
		Release|Any CPU = Release|Any CPU
	EndGlobalSection
	GlobalSection(ProjectConfigurationPlatforms) = postSolution
		{22F1F239-9E02-439F-B79C-D30707D0CE3A}.Debug|Any CPU.ActiveCfg = Debug|Any CPU
		{22F1F239-9E02-439F-B79C-D30707D0CE3A}.Debug|Any CPU.Build.0 = Debug|Any CPU
		{22F1F239-9E02-439F-B79C-D30707D0CE3A}.Release|Any CPU.ActiveCfg = Release|Any CPU
		{22F1F239-9E02-439F-B79C-D30707D0CE3A}.Release|Any CPU.Build.0 = Release|Any CPU
	EndGlobalSection
	GlobalSection(SolutionProperties) = preSolution
		HideSolutionNode = FALSE
	EndGlobalSection
	GlobalSection(ExtensibilityGlobals) = postSolution
		SolutionGuid = {34F34FF9-F607-47F5-8383-51CA7B4CF32F}
	EndGlobalSection
EndGlobal
